Microsoft Visual Studio Solution File, Format Version 12.00
# Visual Studio 2012
Project("{FAE04EC0-301F-11D3-BF4B-00C04F79EFBC}") = "Nature of Code", "Nature of Code.csproj", "{154D38B0-965F-4F29-8CA9-64B6FBB20F5B}"
EndProject
Global
	GlobalSection(SolutionConfigurationPlatforms) = preSolution
	Debug|Any CPU = Debug|Any CPU
	ExportDebug|Any CPU = ExportDebug|Any CPU
	ExportRelease|Any CPU = ExportRelease|Any CPU
	EndGlobalSection
	GlobalSection(ProjectConfigurationPlatforms) = postSolution
		{154D38B0-965F-4F29-8CA9-64B6FBB20F5B}.Debug|Any CPU.ActiveCfg = Debug|Any CPU
		{154D38B0-965F-4F29-8CA9-64B6FBB20F5B}.Debug|Any CPU.Build.0 = Debug|Any CPU
		{154D38B0-965F-4F29-8CA9-64B6FBB20F5B}.ExportDebug|Any CPU.ActiveCfg = ExportDebug|Any CPU
		{154D38B0-965F-4F29-8CA9-64B6FBB20F5B}.ExportDebug|Any CPU.Build.0 = ExportDebug|Any CPU
		{154D38B0-965F-4F29-8CA9-64B6FBB20F5B}.ExportRelease|Any CPU.ActiveCfg = ExportRelease|Any CPU
		{154D38B0-965F-4F29-8CA9-64B6FBB20F5B}.ExportRelease|Any CPU.Build.0 = ExportRelease|Any CPU
	EndGlobalSection
EndGlobal
